<?xml version="1.0" encoding="utf-8"?>
<Project ToolsVersion="4.0" xmlns="http://schemas.microsoft.com/developer/msbuild/2003">
  <ItemGroup>
    <Filter Include="Source Files">
      <UniqueIdentifier>{4FC737F1-C7A5-4376-A066-2A32D752A2FF}</UniqueIdentifier>
      <Extensions>cpp;c;cc;cxx;def;odl;idl;hpj;bat;asm;asmx</Extensions>
    </Filter>
    <Filter Include="Header Files">
      <UniqueIdentifier>{93995380-89BD-4b04-88EB-625FBE52EBFB}</UniqueIdentifier>
      <Extensions>h;hh;hpp;hxx;hm;inl;inc;xsd</Extensions>
    </Filter>
    <Filter Include="Resource Files">
      <UniqueIdentifier>{67DA6AB6-F800-4c08-8B7A-83BB121AAD01}</UniqueIdentifier>
      <Extensions>rc;ico;cur;bmp;dlg;rc2;rct;bin;rgs;gif;jpg;jpeg;jpe;resx;tiff;tif;png;wav;mfcribbon-ms</Extensions>
    </Filter>
  </ItemGroup>
  <ItemGroup>
    <None Include="src\resource\rtMath.cl" />
    <None Include="src\resource\rtUtil.cl" />
    <None Include="src\resource\rtWorld.cl" />
    <None Include="src\resource\rtKernel.cl" />
    <None Include="src\resource\rtTracer.cl" />
    <None Include="src\resource\rtStruct.cl" />
    <None Include="src\resource\rtGeometricObject.cl" />
  </ItemGroup>
  <ItemGroup>
    <Text Include="src\resource\rtLights.cl" />
  </ItemGroup>
  <ItemGroup>
    <ClInclude Include="src\assets\Config.h">
      <Filter>Header Files</Filter>
    </ClInclude>
    <ClInclude Include="src\assets\Util.h">
      <Filter>Header Files</Filter>
    </ClInclude>
    <ClInclude Include="src\assets\Info.h">
      <Filter>Header Files</Filter>
    </ClInclude>
    <ClInclude Include="src\Sampler\Regular.h">
      <Filter>Header Files</Filter>
    </ClInclude>
    <ClInclude Include="src\Sampler\Sampler.h">
      <Filter>Header Files</Filter>
    </ClInclude>
    <ClInclude Include="src\Sampler\NRooks.h">
      <Filter>Header Files</Filter>
    </ClInclude>
    <ClInclude Include="src\Sampler\MultiJittered.h">
      <Filter>Header Files</Filter>
    </ClInclude>
    <ClInclude Include="src\Sampler\Hammersley.h">
      <Filter>Header Files</Filter>
    </ClInclude>
  </ItemGroup>
  <ItemGroup>
    <ClCompile Include="Source.cpp">
      <Filter>Source Files</Filter>
    </ClCompile>
    <ClCompile Include="src\Sampler\Regular.cpp">
      <Filter>Source Files</Filter>
    </ClCompile>
    <ClCompile Include="src\Sampler\Sampler.cpp">
      <Filter>Source Files</Filter>
    </ClCompile>
    <ClCompile Include="src\Sampler\NRooks.cpp">
      <Filter>Source Files</Filter>
    </ClCompile>
    <ClCompile Include="src\Sampler\Hammersley.cpp">
      <Filter>Source Files</Filter>
    </ClCompile>
    <ClCompile Include="src\Sampler\MultiJittered.cpp">
      <Filter>Source Files</Filter>
    </ClCompile>
  </ItemGroup>
</Project>